
Microsoft Visual Studio Solution File, Format Version 12.00
# Visual Studio Version 17
VisualStudioVersion = 17.11.35303.130
MinimumVisualStudioVersion = 10.0.40219.1
Project("{9A19103F-16F7-4668-BE54-9A1E7A4F7556}") = "kts_travels", "kts_travels\kts_travels.csproj", "{DB1B488D-AF50-4CF0-9746-D32B466E67F8}"
EndProject
Global
	GlobalSection(SolutionConfigurationPlatforms) = preSolution
		Debug|Any CPU = Debug|Any CPU
		Release|Any CPU = Release|Any CPU
	EndGlobalSection
	GlobalSection(ProjectConfigurationPlatforms) = postSolution
		{DB1B488D-AF50-4CF0-9746-D32B466E67F8}.Debug|Any CPU.ActiveCfg = Debug|Any CPU
		{DB1B488D-AF50-4CF0-9746-D32B466E67F8}.Debug|Any CPU.Build.0 = Debug|Any CPU
		{DB1B488D-AF50-4CF0-9746-D32B466E67F8}.Release|Any CPU.ActiveCfg = Release|Any CPU
		{DB1B488D-AF50-4CF0-9746-D32B466E67F8}.Release|Any CPU.Build.0 = Release|Any CPU
	EndGlobalSection
	GlobalSection(SolutionProperties) = preSolution
		HideSolutionNode = FALSE
	EndGlobalSection
	GlobalSection(ExtensibilityGlobals) = postSolution
		SolutionGuid = {22F99DFF-94D8-403A-A304-9B233782B69C}
	EndGlobalSection
EndGlobal
